
Microsoft Visual Studio Solution File, Format Version 12.00
# Visual Studio 2012
Project("{FAE04EC0-301F-11D3-BF4B-00C04F79EFBC}") = "Nokia.Music.Wp8", "NokiaMusicApi\Nokia.Music.Wp8.csproj", "{578A4839-2BF0-40C1-98D7-7A8C1C3EAC2C}"
EndProject
Project("{FAE04EC0-301F-11D3-BF4B-00C04F79EFBC}") = "Nokia.Music.Tests", "NokiaMusicApiTests\Nokia.Music.Tests.csproj", "{E5470471-A7EB-410A-8676-4B1F70BA1411}"
EndProject
Project("{2150E333-8FDC-42A3-9474-1A3956D46DE8}") = ".nuget", ".nuget", "{E9D39A46-FA11-49FA-986B-C414217A48C1}"
	ProjectSection(SolutionItems) = preProject
		.nuget\NuGet.Config = .nuget\NuGet.Config
		.nuget\NuGet.exe = .nuget\NuGet.exe
		.nuget\NuGet.targets = .nuget\NuGet.targets
		.nuget\packages.config = .nuget\packages.config
	EndProjectSection
EndProject
Project("{FAE04EC0-301F-11D3-BF4B-00C04F79EFBC}") = "Nokia.Music.TestApp.Wp8", "NokiaMusicApiTestApps\NokiaMusicApiTestAppWp8\Nokia.Music.TestApp.Wp8.csproj", "{36C9690A-7033-4475-894C-6874F8E2FF9F}"
EndProject
Project("{FAE04EC0-301F-11D3-BF4B-00C04F79EFBC}") = "Nokia.Music.TestApp.Win8", "NokiaMusicApiTestApps\NokiaMusicApiTestAppWin8\Nokia.Music.TestApp.Win8.csproj", "{D31E7A39-4C29-4344-B95F-96232913D1F4}"
EndProject
Project("{FAE04EC0-301F-11D3-BF4B-00C04F79EFBC}") = "Nokia.Music.Win8", "NokiaMusicApi\Nokia.Music.Win8.csproj", "{F3BB90F4-9186-40E9-B068-0C69D5098F3C}"
EndProject
Project("{FAE04EC0-301F-11D3-BF4B-00C04F79EFBC}") = "Nokia.Music.Net45", "NokiaMusicApi\Nokia.Music.Net45.csproj", "{125DCED1-248C-4D16-85D8-847CCE8B8923}"
EndProject
Project("{FAE04EC0-301F-11D3-BF4B-00C04F79EFBC}") = "Nokia.Music.PCL", "NokiaMusicApi\Nokia.Music.PCL.csproj", "{C2925B4D-2347-473B-908F-5CC79BC717A0}"
EndProject
Global
	GlobalSection(SolutionConfigurationPlatforms) = preSolution
		Debug|Any CPU = Debug|Any CPU
		Debug|ARM = Debug|ARM
		Debug|Mixed Platforms = Debug|Mixed Platforms
		Debug|x64 = Debug|x64
		Debug|x86 = Debug|x86
		Release|Any CPU = Release|Any CPU
		Release|ARM = Release|ARM
		Release|Mixed Platforms = Release|Mixed Platforms
		Release|x64 = Release|x64
		Release|x86 = Release|x86
	EndGlobalSection
	GlobalSection(ProjectConfigurationPlatforms) = postSolution
		{578A4839-2BF0-40C1-98D7-7A8C1C3EAC2C}.Debug|Any CPU.ActiveCfg = Debug|Any CPU
		{578A4839-2BF0-40C1-98D7-7A8C1C3EAC2C}.Debug|Any CPU.Build.0 = Debug|Any CPU
		{578A4839-2BF0-40C1-98D7-7A8C1C3EAC2C}.Debug|ARM.ActiveCfg = Debug|ARM
		{578A4839-2BF0-40C1-98D7-7A8C1C3EAC2C}.Debug|ARM.Deploy.0 = Debug|ARM
		{578A4839-2BF0-40C1-98D7-7A8C1C3EAC2C}.Debug|Mixed Platforms.ActiveCfg = Debug|ARM
		{578A4839-2BF0-40C1-98D7-7A8C1C3EAC2C}.Debug|Mixed Platforms.Build.0 = Debug|ARM
		{578A4839-2BF0-40C1-98D7-7A8C1C3EAC2C}.Debug|x64.ActiveCfg = Debug|Any CPU
		{578A4839-2BF0-40C1-98D7-7A8C1C3EAC2C}.Debug|x86.ActiveCfg = Debug|x86
		{578A4839-2BF0-40C1-98D7-7A8C1C3EAC2C}.Debug|x86.Build.0 = Debug|x86
		{578A4839-2BF0-40C1-98D7-7A8C1C3EAC2C}.Debug|x86.Deploy.0 = Debug|x86
		{578A4839-2BF0-40C1-98D7-7A8C1C3EAC2C}.Release|Any CPU.ActiveCfg = Release|Any CPU
		{578A4839-2BF0-40C1-98D7-7A8C1C3EAC2C}.Release|Any CPU.Build.0 = Release|Any CPU
		{578A4839-2BF0-40C1-98D7-7A8C1C3EAC2C}.Release|Any CPU.Deploy.0 = Release|Any CPU
		{578A4839-2BF0-40C1-98D7-7A8C1C3EAC2C}.Release|ARM.ActiveCfg = Release|ARM
		{578A4839-2BF0-40C1-98D7-7A8C1C3EAC2C}.Release|ARM.Deploy.0 = Release|ARM
		{578A4839-2BF0-40C1-98D7-7A8C1C3EAC2C}.Release|Mixed Platforms.ActiveCfg = Release|ARM
		{578A4839-2BF0-40C1-98D7-7A8C1C3EAC2C}.Release|Mixed Platforms.Build.0 = Release|ARM
		{578A4839-2BF0-40C1-98D7-7A8C1C3EAC2C}.Release|x64.ActiveCfg = Release|Any CPU
		{578A4839-2BF0-40C1-98D7-7A8C1C3EAC2C}.Release|x86.ActiveCfg = Release|x86
		{578A4839-2BF0-40C1-98D7-7A8C1C3EAC2C}.Release|x86.Deploy.0 = Release|x86
		{2501ABE0-A2D9-4155-83B2-D551DB34B10D}.Debug|Any CPU.ActiveCfg = Debug|Any CPU
		{2501ABE0-A2D9-4155-83B2-D551DB34B10D}.Debug|Any CPU.Build.0 = Debug|Any CPU
		{2501ABE0-A2D9-4155-83B2-D551DB34B10D}.Debug|ARM.ActiveCfg = Debug|ARM
		{2501ABE0-A2D9-4155-83B2-D551DB34B10D}.Debug|Mixed Platforms.ActiveCfg = Debug|Any CPU
		{2501ABE0-A2D9-4155-83B2-D551DB34B10D}.Debug|Mixed Platforms.Build.0 = Debug|Any CPU
		{2501ABE0-A2D9-4155-83B2-D551DB34B10D}.Debug|x64.ActiveCfg = Debug|Any CPU
		{2501ABE0-A2D9-4155-83B2-D551DB34B10D}.Debug|x86.ActiveCfg = Debug|x86
		{2501ABE0-A2D9-4155-83B2-D551DB34B10D}.Release|Any CPU.ActiveCfg = Release|Any CPU
		{2501ABE0-A2D9-4155-83B2-D551DB34B10D}.Release|Any CPU.Build.0 = Release|Any CPU
		{2501ABE0-A2D9-4155-83B2-D551DB34B10D}.Release|ARM.ActiveCfg = Release|ARM
		{2501ABE0-A2D9-4155-83B2-D551DB34B10D}.Release|Mixed Platforms.ActiveCfg = Release|Any CPU
		{2501ABE0-A2D9-4155-83B2-D551DB34B10D}.Release|Mixed Platforms.Build.0 = Release|Any CPU
		{2501ABE0-A2D9-4155-83B2-D551DB34B10D}.Release|x64.ActiveCfg = Release|Any CPU
		{2501ABE0-A2D9-4155-83B2-D551DB34B10D}.Release|x86.ActiveCfg = Release|x86
		{37CDD983-3798-4A13-B2DA-C10E9C989478}.Debug|Any CPU.ActiveCfg = Debug|Any CPU
		{37CDD983-3798-4A13-B2DA-C10E9C989478}.Debug|Any CPU.Build.0 = Debug|Any CPU
		{37CDD983-3798-4A13-B2DA-C10E9C989478}.Debug|Any CPU.Deploy.0 = Debug|Any CPU
		{37CDD983-3798-4A13-B2DA-C10E9C989478}.Debug|ARM.ActiveCfg = Debug|Any CPU
		{37CDD983-3798-4A13-B2DA-C10E9C989478}.Debug|Mixed Platforms.ActiveCfg = Debug|Any CPU
		{37CDD983-3798-4A13-B2DA-C10E9C989478}.Debug|Mixed Platforms.Build.0 = Debug|Any CPU
		{37CDD983-3798-4A13-B2DA-C10E9C989478}.Debug|Mixed Platforms.Deploy.0 = Debug|Any CPU
		{37CDD983-3798-4A13-B2DA-C10E9C989478}.Debug|x64.ActiveCfg = Debug|Any CPU
		{37CDD983-3798-4A13-B2DA-C10E9C989478}.Debug|x86.ActiveCfg = Debug|Any CPU
		{37CDD983-3798-4A13-B2DA-C10E9C989478}.Release|Any CPU.ActiveCfg = Release|Any CPU
		{37CDD983-3798-4A13-B2DA-C10E9C989478}.Release|Any CPU.Build.0 = Release|Any CPU
		{37CDD983-3798-4A13-B2DA-C10E9C989478}.Release|Any CPU.Deploy.0 = Release|Any CPU
		{37CDD983-3798-4A13-B2DA-C10E9C989478}.Release|ARM.ActiveCfg = Release|Any CPU
		{37CDD983-3798-4A13-B2DA-C10E9C989478}.Release|Mixed Platforms.ActiveCfg = Release|Any CPU
		{37CDD983-3798-4A13-B2DA-C10E9C989478}.Release|Mixed Platforms.Build.0 = Release|Any CPU
		{37CDD983-3798-4A13-B2DA-C10E9C989478}.Release|Mixed Platforms.Deploy.0 = Release|Any CPU
		{37CDD983-3798-4A13-B2DA-C10E9C989478}.Release|x64.ActiveCfg = Release|Any CPU
		{37CDD983-3798-4A13-B2DA-C10E9C989478}.Release|x86.ActiveCfg = Release|Any CPU
		{E5470471-A7EB-410A-8676-4B1F70BA1411}.Debug|Any CPU.ActiveCfg = Debug|Any CPU
		{E5470471-A7EB-410A-8676-4B1F70BA1411}.Debug|Any CPU.Build.0 = Debug|Any CPU
		{E5470471-A7EB-410A-8676-4B1F70BA1411}.Debug|ARM.ActiveCfg = Debug|Any CPU
		{E5470471-A7EB-410A-8676-4B1F70BA1411}.Debug|Mixed Platforms.ActiveCfg = Debug|Any CPU
		{E5470471-A7EB-410A-8676-4B1F70BA1411}.Debug|Mixed Platforms.Build.0 = Debug|Any CPU
		{E5470471-A7EB-410A-8676-4B1F70BA1411}.Debug|x64.ActiveCfg = Debug|Any CPU
		{E5470471-A7EB-410A-8676-4B1F70BA1411}.Debug|x86.ActiveCfg = Debug|Any CPU
		{E5470471-A7EB-410A-8676-4B1F70BA1411}.Release|Any CPU.ActiveCfg = Release|Any CPU
		{E5470471-A7EB-410A-8676-4B1F70BA1411}.Release|Any CPU.Build.0 = Release|Any CPU
		{E5470471-A7EB-410A-8676-4B1F70BA1411}.Release|ARM.ActiveCfg = Release|Any CPU
		{E5470471-A7EB-410A-8676-4B1F70BA1411}.Release|Mixed Platforms.ActiveCfg = Release|Any CPU
		{E5470471-A7EB-410A-8676-4B1F70BA1411}.Release|Mixed Platforms.Build.0 = Release|Any CPU
		{E5470471-A7EB-410A-8676-4B1F70BA1411}.Release|x64.ActiveCfg = Release|Any CPU
		{E5470471-A7EB-410A-8676-4B1F70BA1411}.Release|x86.ActiveCfg = Release|Any CPU
		{36C9690A-7033-4475-894C-6874F8E2FF9F}.Debug|Any CPU.ActiveCfg = Debug|Any CPU
		{36C9690A-7033-4475-894C-6874F8E2FF9F}.Debug|Any CPU.Build.0 = Debug|Any CPU
		{36C9690A-7033-4475-894C-6874F8E2FF9F}.Debug|Any CPU.Deploy.0 = Debug|Any CPU
		{36C9690A-7033-4475-894C-6874F8E2FF9F}.Debug|ARM.ActiveCfg = Debug|ARM
		{36C9690A-7033-4475-894C-6874F8E2FF9F}.Debug|ARM.Build.0 = Debug|ARM
		{36C9690A-7033-4475-894C-6874F8E2FF9F}.Debug|ARM.Deploy.0 = Debug|ARM
		{36C9690A-7033-4475-894C-6874F8E2FF9F}.Debug|Mixed Platforms.ActiveCfg = Debug|ARM
		{36C9690A-7033-4475-894C-6874F8E2FF9F}.Debug|Mixed Platforms.Build.0 = Debug|ARM
		{36C9690A-7033-4475-894C-6874F8E2FF9F}.Debug|Mixed Platforms.Deploy.0 = Debug|ARM
		{36C9690A-7033-4475-894C-6874F8E2FF9F}.Debug|x64.ActiveCfg = Debug|Any CPU
		{36C9690A-7033-4475-894C-6874F8E2FF9F}.Debug|x86.ActiveCfg = Debug|x86
		{36C9690A-7033-4475-894C-6874F8E2FF9F}.Debug|x86.Build.0 = Debug|x86
		{36C9690A-7033-4475-894C-6874F8E2FF9F}.Debug|x86.Deploy.0 = Debug|x86
		{36C9690A-7033-4475-894C-6874F8E2FF9F}.Release|Any CPU.ActiveCfg = Release|Any CPU
		{36C9690A-7033-4475-894C-6874F8E2FF9F}.Release|Any CPU.Build.0 = Release|Any CPU
		{36C9690A-7033-4475-894C-6874F8E2FF9F}.Release|Any CPU.Deploy.0 = Release|Any CPU
		{36C9690A-7033-4475-894C-6874F8E2FF9F}.Release|ARM.ActiveCfg = Release|ARM
		{36C9690A-7033-4475-894C-6874F8E2FF9F}.Release|ARM.Build.0 = Release|ARM
		{36C9690A-7033-4475-894C-6874F8E2FF9F}.Release|ARM.Deploy.0 = Release|ARM
		{36C9690A-7033-4475-894C-6874F8E2FF9F}.Release|Mixed Platforms.ActiveCfg = Release|ARM
		{36C9690A-7033-4475-894C-6874F8E2FF9F}.Release|Mixed Platforms.Build.0 = Release|ARM
		{36C9690A-7033-4475-894C-6874F8E2FF9F}.Release|Mixed Platforms.Deploy.0 = Release|ARM
		{36C9690A-7033-4475-894C-6874F8E2FF9F}.Release|x64.ActiveCfg = Release|Any CPU
		{36C9690A-7033-4475-894C-6874F8E2FF9F}.Release|x86.ActiveCfg = Release|x86
		{36C9690A-7033-4475-894C-6874F8E2FF9F}.Release|x86.Build.0 = Release|x86
		{36C9690A-7033-4475-894C-6874F8E2FF9F}.Release|x86.Deploy.0 = Release|x86
		{D31E7A39-4C29-4344-B95F-96232913D1F4}.Debug|Any CPU.ActiveCfg = Debug|Any CPU
		{D31E7A39-4C29-4344-B95F-96232913D1F4}.Debug|Any CPU.Build.0 = Debug|Any CPU
		{D31E7A39-4C29-4344-B95F-96232913D1F4}.Debug|Any CPU.Deploy.0 = Debug|Any CPU
		{D31E7A39-4C29-4344-B95F-96232913D1F4}.Debug|ARM.ActiveCfg = Debug|ARM
		{D31E7A39-4C29-4344-B95F-96232913D1F4}.Debug|ARM.Build.0 = Debug|ARM
		{D31E7A39-4C29-4344-B95F-96232913D1F4}.Debug|ARM.Deploy.0 = Debug|ARM
		{D31E7A39-4C29-4344-B95F-96232913D1F4}.Debug|Mixed Platforms.ActiveCfg = Debug|x86
		{D31E7A39-4C29-4344-B95F-96232913D1F4}.Debug|Mixed Platforms.Build.0 = Debug|x86
		{D31E7A39-4C29-4344-B95F-96232913D1F4}.Debug|Mixed Platforms.Deploy.0 = Debug|x86
		{D31E7A39-4C29-4344-B95F-96232913D1F4}.Debug|x64.ActiveCfg = Debug|x64
		{D31E7A39-4C29-4344-B95F-96232913D1F4}.Debug|x64.Build.0 = Debug|x64
		{D31E7A39-4C29-4344-B95F-96232913D1F4}.Debug|x64.Deploy.0 = Debug|x64
		{D31E7A39-4C29-4344-B95F-96232913D1F4}.Debug|x86.ActiveCfg = Debug|x86
		{D31E7A39-4C29-4344-B95F-96232913D1F4}.Debug|x86.Build.0 = Debug|x86
		{D31E7A39-4C29-4344-B95F-96232913D1F4}.Debug|x86.Deploy.0 = Debug|x86
		{D31E7A39-4C29-4344-B95F-96232913D1F4}.Release|Any CPU.ActiveCfg = Release|Any CPU
		{D31E7A39-4C29-4344-B95F-96232913D1F4}.Release|Any CPU.Build.0 = Release|Any CPU
		{D31E7A39-4C29-4344-B95F-96232913D1F4}.Release|Any CPU.Deploy.0 = Release|Any CPU
		{D31E7A39-4C29-4344-B95F-96232913D1F4}.Release|ARM.ActiveCfg = Release|ARM
		{D31E7A39-4C29-4344-B95F-96232913D1F4}.Release|ARM.Build.0 = Release|ARM
		{D31E7A39-4C29-4344-B95F-96232913D1F4}.Release|ARM.Deploy.0 = Release|ARM
		{D31E7A39-4C29-4344-B95F-96232913D1F4}.Release|Mixed Platforms.ActiveCfg = Release|x86
		{D31E7A39-4C29-4344-B95F-96232913D1F4}.Release|Mixed Platforms.Build.0 = Release|x86
		{D31E7A39-4C29-4344-B95F-96232913D1F4}.Release|Mixed Platforms.Deploy.0 = Release|x86
		{D31E7A39-4C29-4344-B95F-96232913D1F4}.Release|x64.ActiveCfg = Release|x64
		{D31E7A39-4C29-4344-B95F-96232913D1F4}.Release|x64.Build.0 = Release|x64
		{D31E7A39-4C29-4344-B95F-96232913D1F4}.Release|x64.Deploy.0 = Release|x64
		{D31E7A39-4C29-4344-B95F-96232913D1F4}.Release|x86.ActiveCfg = Release|x86
		{D31E7A39-4C29-4344-B95F-96232913D1F4}.Release|x86.Build.0 = Release|x86
		{D31E7A39-4C29-4344-B95F-96232913D1F4}.Release|x86.Deploy.0 = Release|x86
		{F3BB90F4-9186-40E9-B068-0C69D5098F3C}.Debug|Any CPU.ActiveCfg = Debug|Any CPU
		{F3BB90F4-9186-40E9-B068-0C69D5098F3C}.Debug|Any CPU.Build.0 = Debug|Any CPU
		{F3BB90F4-9186-40E9-B068-0C69D5098F3C}.Debug|ARM.ActiveCfg = Debug|ARM
		{F3BB90F4-9186-40E9-B068-0C69D5098F3C}.Debug|ARM.Build.0 = Debug|ARM
		{F3BB90F4-9186-40E9-B068-0C69D5098F3C}.Debug|Mixed Platforms.ActiveCfg = Debug|x86
		{F3BB90F4-9186-40E9-B068-0C69D5098F3C}.Debug|Mixed Platforms.Build.0 = Debug|x86
		{F3BB90F4-9186-40E9-B068-0C69D5098F3C}.Debug|x64.ActiveCfg = Debug|x64
		{F3BB90F4-9186-40E9-B068-0C69D5098F3C}.Debug|x64.Build.0 = Debug|x64
		{F3BB90F4-9186-40E9-B068-0C69D5098F3C}.Debug|x86.ActiveCfg = Debug|x86
		{F3BB90F4-9186-40E9-B068-0C69D5098F3C}.Debug|x86.Build.0 = Debug|x86
		{F3BB90F4-9186-40E9-B068-0C69D5098F3C}.Release|Any CPU.ActiveCfg = Release|Any CPU
		{F3BB90F4-9186-40E9-B068-0C69D5098F3C}.Release|Any CPU.Build.0 = Release|Any CPU
		{F3BB90F4-9186-40E9-B068-0C69D5098F3C}.Release|ARM.ActiveCfg = Release|ARM
		{F3BB90F4-9186-40E9-B068-0C69D5098F3C}.Release|ARM.Build.0 = Release|ARM
		{F3BB90F4-9186-40E9-B068-0C69D5098F3C}.Release|Mixed Platforms.ActiveCfg = Release|x86
		{F3BB90F4-9186-40E9-B068-0C69D5098F3C}.Release|Mixed Platforms.Build.0 = Release|x86
		{F3BB90F4-9186-40E9-B068-0C69D5098F3C}.Release|x64.ActiveCfg = Release|x64
		{F3BB90F4-9186-40E9-B068-0C69D5098F3C}.Release|x64.Build.0 = Release|x64
		{F3BB90F4-9186-40E9-B068-0C69D5098F3C}.Release|x86.ActiveCfg = Release|x86
		{F3BB90F4-9186-40E9-B068-0C69D5098F3C}.Release|x86.Build.0 = Release|x86
		{125DCED1-248C-4D16-85D8-847CCE8B8923}.Debug|Any CPU.ActiveCfg = Debug|Any CPU
		{125DCED1-248C-4D16-85D8-847CCE8B8923}.Debug|Any CPU.Build.0 = Debug|Any CPU
		{125DCED1-248C-4D16-85D8-847CCE8B8923}.Debug|ARM.ActiveCfg = Debug|Any CPU
		{125DCED1-248C-4D16-85D8-847CCE8B8923}.Debug|Mixed Platforms.ActiveCfg = Debug|Any CPU
		{125DCED1-248C-4D16-85D8-847CCE8B8923}.Debug|Mixed Platforms.Build.0 = Debug|Any CPU
		{125DCED1-248C-4D16-85D8-847CCE8B8923}.Debug|x64.ActiveCfg = Debug|Any CPU
		{125DCED1-248C-4D16-85D8-847CCE8B8923}.Debug|x86.ActiveCfg = Debug|Any CPU
		{125DCED1-248C-4D16-85D8-847CCE8B8923}.Release|Any CPU.ActiveCfg = Release|Any CPU
		{125DCED1-248C-4D16-85D8-847CCE8B8923}.Release|Any CPU.Build.0 = Release|Any CPU
		{125DCED1-248C-4D16-85D8-847CCE8B8923}.Release|ARM.ActiveCfg = Release|Any CPU
		{125DCED1-248C-4D16-85D8-847CCE8B8923}.Release|Mixed Platforms.ActiveCfg = Release|Any CPU
		{125DCED1-248C-4D16-85D8-847CCE8B8923}.Release|Mixed Platforms.Build.0 = Release|Any CPU
		{125DCED1-248C-4D16-85D8-847CCE8B8923}.Release|x64.ActiveCfg = Release|Any CPU
		{125DCED1-248C-4D16-85D8-847CCE8B8923}.Release|x86.ActiveCfg = Release|Any CPU
		{C2925B4D-2347-473B-908F-5CC79BC717A0}.Debug|Any CPU.ActiveCfg = Debug|Any CPU
		{C2925B4D-2347-473B-908F-5CC79BC717A0}.Debug|Any CPU.Build.0 = Debug|Any CPU
		{C2925B4D-2347-473B-908F-5CC79BC717A0}.Debug|ARM.ActiveCfg = Debug|Any CPU
		{C2925B4D-2347-473B-908F-5CC79BC717A0}.Debug|Mixed Platforms.ActiveCfg = Debug|Any CPU
		{C2925B4D-2347-473B-908F-5CC79BC717A0}.Debug|Mixed Platforms.Build.0 = Debug|Any CPU
		{C2925B4D-2347-473B-908F-5CC79BC717A0}.Debug|x64.ActiveCfg = Debug|Any CPU
		{C2925B4D-2347-473B-908F-5CC79BC717A0}.Debug|x86.ActiveCfg = Debug|Any CPU
		{C2925B4D-2347-473B-908F-5CC79BC717A0}.Release|Any CPU.ActiveCfg = Release|Any CPU
		{C2925B4D-2347-473B-908F-5CC79BC717A0}.Release|Any CPU.Build.0 = Release|Any CPU
		{C2925B4D-2347-473B-908F-5CC79BC717A0}.Release|ARM.ActiveCfg = Release|Any CPU
		{C2925B4D-2347-473B-908F-5CC79BC717A0}.Release|Mixed Platforms.ActiveCfg = Release|Any CPU
		{C2925B4D-2347-473B-908F-5CC79BC717A0}.Release|Mixed Platforms.Build.0 = Release|Any CPU
		{C2925B4D-2347-473B-908F-5CC79BC717A0}.Release|x64.ActiveCfg = Release|Any CPU
		{C2925B4D-2347-473B-908F-5CC79BC717A0}.Release|x86.ActiveCfg = Release|Any CPU
	EndGlobalSection
	GlobalSection(SolutionProperties) = preSolution
		HideSolutionNode = FALSE
	EndGlobalSection
EndGlobal
