
Microsoft Visual Studio Solution File, Format Version 12.00
# Visual Studio 2013
VisualStudioVersion = 12.0.31101.0
MinimumVisualStudioVersion = 10.0.40219.1
Project("{FAE04EC0-301F-11D3-BF4B-00C04F79EFBC}") = "MixRadioActivity", "MixRadioActivity\MixRadioActivity.csproj", "{109319E8-8C09-4EA0-8E31-F48CD79BB650}"
EndProject
Project("{FAE04EC0-301F-11D3-BF4B-00C04F79EFBC}") = "MixRadioActivity.iOS", "iOS\MixRadioActivity.iOS.csproj", "{0917B7C2-5C79-4CD6-A22D-C6ED23A6D98F}"
EndProject
Project("{FAE04EC0-301F-11D3-BF4B-00C04F79EFBC}") = "MixRadioActivity.Droid", "Droid\MixRadioActivity.Droid.csproj", "{C08DB843-4193-4558-BC38-AA3DC0EC7E0D}"
EndProject
Project("{FAE04EC0-301F-11D3-BF4B-00C04F79EFBC}") = "MixRadioActivity.WinPhone", "WinPhone\MixRadioActivity.WinPhone.csproj", "{7772FAE7-FD76-4F59-BCB6-7DFDE7D07E45}"
EndProject
Global
	GlobalSection(SolutionConfigurationPlatforms) = preSolution
		Ad-Hoc|Any CPU = Ad-Hoc|Any CPU
		Ad-Hoc|ARM = Ad-Hoc|ARM
		Ad-Hoc|iPhone = Ad-Hoc|iPhone
		Ad-Hoc|iPhoneSimulator = Ad-Hoc|iPhoneSimulator
		Ad-Hoc|Mixed Platforms = Ad-Hoc|Mixed Platforms
		Ad-Hoc|x86 = Ad-Hoc|x86
		AppStore|Any CPU = AppStore|Any CPU
		AppStore|ARM = AppStore|ARM
		AppStore|iPhone = AppStore|iPhone
		AppStore|iPhoneSimulator = AppStore|iPhoneSimulator
		AppStore|Mixed Platforms = AppStore|Mixed Platforms
		AppStore|x86 = AppStore|x86
		Debug|Any CPU = Debug|Any CPU
		Debug|ARM = Debug|ARM
		Debug|iPhone = Debug|iPhone
		Debug|iPhoneSimulator = Debug|iPhoneSimulator
		Debug|Mixed Platforms = Debug|Mixed Platforms
		Debug|x86 = Debug|x86
		Release|Any CPU = Release|Any CPU
		Release|ARM = Release|ARM
		Release|iPhone = Release|iPhone
		Release|iPhoneSimulator = Release|iPhoneSimulator
		Release|Mixed Platforms = Release|Mixed Platforms
		Release|x86 = Release|x86
	EndGlobalSection
	GlobalSection(ProjectConfigurationPlatforms) = postSolution
		{109319E8-8C09-4EA0-8E31-F48CD79BB650}.Ad-Hoc|Any CPU.ActiveCfg = Release|Any CPU
		{109319E8-8C09-4EA0-8E31-F48CD79BB650}.Ad-Hoc|Any CPU.Build.0 = Release|Any CPU
		{109319E8-8C09-4EA0-8E31-F48CD79BB650}.Ad-Hoc|ARM.ActiveCfg = Release|Any CPU
		{109319E8-8C09-4EA0-8E31-F48CD79BB650}.Ad-Hoc|iPhone.ActiveCfg = Debug|Any CPU
		{109319E8-8C09-4EA0-8E31-F48CD79BB650}.Ad-Hoc|iPhone.Build.0 = Debug|Any CPU
		{109319E8-8C09-4EA0-8E31-F48CD79BB650}.Ad-Hoc|iPhoneSimulator.ActiveCfg = Release|Any CPU
		{109319E8-8C09-4EA0-8E31-F48CD79BB650}.Ad-Hoc|Mixed Platforms.ActiveCfg = Release|Any CPU
		{109319E8-8C09-4EA0-8E31-F48CD79BB650}.Ad-Hoc|Mixed Platforms.Build.0 = Release|Any CPU
		{109319E8-8C09-4EA0-8E31-F48CD79BB650}.Ad-Hoc|x86.ActiveCfg = Release|Any CPU
		{109319E8-8C09-4EA0-8E31-F48CD79BB650}.AppStore|Any CPU.ActiveCfg = Release|Any CPU
		{109319E8-8C09-4EA0-8E31-F48CD79BB650}.AppStore|Any CPU.Build.0 = Release|Any CPU
		{109319E8-8C09-4EA0-8E31-F48CD79BB650}.AppStore|ARM.ActiveCfg = Release|Any CPU
		{109319E8-8C09-4EA0-8E31-F48CD79BB650}.AppStore|iPhone.ActiveCfg = Debug|Any CPU
		{109319E8-8C09-4EA0-8E31-F48CD79BB650}.AppStore|iPhone.Build.0 = Debug|Any CPU
		{109319E8-8C09-4EA0-8E31-F48CD79BB650}.AppStore|iPhoneSimulator.ActiveCfg = Release|Any CPU
		{109319E8-8C09-4EA0-8E31-F48CD79BB650}.AppStore|Mixed Platforms.ActiveCfg = Release|Any CPU
		{109319E8-8C09-4EA0-8E31-F48CD79BB650}.AppStore|Mixed Platforms.Build.0 = Release|Any CPU
		{109319E8-8C09-4EA0-8E31-F48CD79BB650}.AppStore|x86.ActiveCfg = Release|Any CPU
		{109319E8-8C09-4EA0-8E31-F48CD79BB650}.Debug|Any CPU.ActiveCfg = Debug|Any CPU
		{109319E8-8C09-4EA0-8E31-F48CD79BB650}.Debug|Any CPU.Build.0 = Debug|Any CPU
		{109319E8-8C09-4EA0-8E31-F48CD79BB650}.Debug|ARM.ActiveCfg = Debug|Any CPU
		{109319E8-8C09-4EA0-8E31-F48CD79BB650}.Debug|iPhone.ActiveCfg = Debug|Any CPU
		{109319E8-8C09-4EA0-8E31-F48CD79BB650}.Debug|iPhone.Build.0 = Debug|Any CPU
		{109319E8-8C09-4EA0-8E31-F48CD79BB650}.Debug|iPhoneSimulator.ActiveCfg = Debug|Any CPU
		{109319E8-8C09-4EA0-8E31-F48CD79BB650}.Debug|iPhoneSimulator.Build.0 = Debug|Any CPU
		{109319E8-8C09-4EA0-8E31-F48CD79BB650}.Debug|Mixed Platforms.ActiveCfg = Debug|Any CPU
		{109319E8-8C09-4EA0-8E31-F48CD79BB650}.Debug|Mixed Platforms.Build.0 = Debug|Any CPU
		{109319E8-8C09-4EA0-8E31-F48CD79BB650}.Debug|x86.ActiveCfg = Debug|Any CPU
		{109319E8-8C09-4EA0-8E31-F48CD79BB650}.Release|Any CPU.ActiveCfg = Release|Any CPU
		{109319E8-8C09-4EA0-8E31-F48CD79BB650}.Release|Any CPU.Build.0 = Release|Any CPU
		{109319E8-8C09-4EA0-8E31-F48CD79BB650}.Release|ARM.ActiveCfg = Release|Any CPU
		{109319E8-8C09-4EA0-8E31-F48CD79BB650}.Release|iPhone.ActiveCfg = Release|Any CPU
		{109319E8-8C09-4EA0-8E31-F48CD79BB650}.Release|iPhone.Build.0 = Release|Any CPU
		{109319E8-8C09-4EA0-8E31-F48CD79BB650}.Release|iPhoneSimulator.ActiveCfg = Release|Any CPU
		{109319E8-8C09-4EA0-8E31-F48CD79BB650}.Release|iPhoneSimulator.Build.0 = Release|Any CPU
		{109319E8-8C09-4EA0-8E31-F48CD79BB650}.Release|Mixed Platforms.ActiveCfg = Release|Any CPU
		{109319E8-8C09-4EA0-8E31-F48CD79BB650}.Release|Mixed Platforms.Build.0 = Release|Any CPU
		{109319E8-8C09-4EA0-8E31-F48CD79BB650}.Release|x86.ActiveCfg = Release|Any CPU
		{0917B7C2-5C79-4CD6-A22D-C6ED23A6D98F}.Ad-Hoc|Any CPU.ActiveCfg = Ad-Hoc|iPhoneSimulator
		{0917B7C2-5C79-4CD6-A22D-C6ED23A6D98F}.Ad-Hoc|ARM.ActiveCfg = Ad-Hoc|iPhoneSimulator
		{0917B7C2-5C79-4CD6-A22D-C6ED23A6D98F}.Ad-Hoc|iPhone.ActiveCfg = Ad-Hoc|iPhone
		{0917B7C2-5C79-4CD6-A22D-C6ED23A6D98F}.Ad-Hoc|iPhone.Build.0 = Ad-Hoc|iPhone
		{0917B7C2-5C79-4CD6-A22D-C6ED23A6D98F}.Ad-Hoc|iPhoneSimulator.ActiveCfg = Ad-Hoc|iPhoneSimulator
		{0917B7C2-5C79-4CD6-A22D-C6ED23A6D98F}.Ad-Hoc|iPhoneSimulator.Build.0 = Ad-Hoc|iPhoneSimulator
		{0917B7C2-5C79-4CD6-A22D-C6ED23A6D98F}.Ad-Hoc|Mixed Platforms.ActiveCfg = Ad-Hoc|iPhoneSimulator
		{0917B7C2-5C79-4CD6-A22D-C6ED23A6D98F}.Ad-Hoc|Mixed Platforms.Build.0 = Ad-Hoc|iPhoneSimulator
		{0917B7C2-5C79-4CD6-A22D-C6ED23A6D98F}.Ad-Hoc|x86.ActiveCfg = Ad-Hoc|iPhoneSimulator
		{0917B7C2-5C79-4CD6-A22D-C6ED23A6D98F}.AppStore|Any CPU.ActiveCfg = AppStore|iPhoneSimulator
		{0917B7C2-5C79-4CD6-A22D-C6ED23A6D98F}.AppStore|ARM.ActiveCfg = AppStore|iPhoneSimulator
		{0917B7C2-5C79-4CD6-A22D-C6ED23A6D98F}.AppStore|iPhone.ActiveCfg = AppStore|iPhone
		{0917B7C2-5C79-4CD6-A22D-C6ED23A6D98F}.AppStore|iPhone.Build.0 = AppStore|iPhone
		{0917B7C2-5C79-4CD6-A22D-C6ED23A6D98F}.AppStore|iPhoneSimulator.ActiveCfg = AppStore|iPhoneSimulator
		{0917B7C2-5C79-4CD6-A22D-C6ED23A6D98F}.AppStore|iPhoneSimulator.Build.0 = AppStore|iPhoneSimulator
		{0917B7C2-5C79-4CD6-A22D-C6ED23A6D98F}.AppStore|Mixed Platforms.ActiveCfg = AppStore|iPhoneSimulator
		{0917B7C2-5C79-4CD6-A22D-C6ED23A6D98F}.AppStore|Mixed Platforms.Build.0 = AppStore|iPhoneSimulator
		{0917B7C2-5C79-4CD6-A22D-C6ED23A6D98F}.AppStore|x86.ActiveCfg = AppStore|iPhoneSimulator
		{0917B7C2-5C79-4CD6-A22D-C6ED23A6D98F}.Debug|Any CPU.ActiveCfg = Debug|iPhoneSimulator
		{0917B7C2-5C79-4CD6-A22D-C6ED23A6D98F}.Debug|Any CPU.Build.0 = Debug|iPhoneSimulator
		{0917B7C2-5C79-4CD6-A22D-C6ED23A6D98F}.Debug|ARM.ActiveCfg = Debug|iPhone
		{0917B7C2-5C79-4CD6-A22D-C6ED23A6D98F}.Debug|iPhone.ActiveCfg = Debug|iPhone
		{0917B7C2-5C79-4CD6-A22D-C6ED23A6D98F}.Debug|iPhone.Build.0 = Debug|iPhone
		{0917B7C2-5C79-4CD6-A22D-C6ED23A6D98F}.Debug|iPhoneSimulator.ActiveCfg = Debug|iPhoneSimulator
		{0917B7C2-5C79-4CD6-A22D-C6ED23A6D98F}.Debug|iPhoneSimulator.Build.0 = Debug|iPhoneSimulator
		{0917B7C2-5C79-4CD6-A22D-C6ED23A6D98F}.Debug|Mixed Platforms.ActiveCfg = Debug|iPhone
		{0917B7C2-5C79-4CD6-A22D-C6ED23A6D98F}.Debug|Mixed Platforms.Build.0 = Debug|iPhone
		{0917B7C2-5C79-4CD6-A22D-C6ED23A6D98F}.Debug|x86.ActiveCfg = Debug|iPhone
		{0917B7C2-5C79-4CD6-A22D-C6ED23A6D98F}.Release|Any CPU.ActiveCfg = Release|iPhoneSimulator
		{0917B7C2-5C79-4CD6-A22D-C6ED23A6D98F}.Release|Any CPU.Build.0 = Release|iPhoneSimulator
		{0917B7C2-5C79-4CD6-A22D-C6ED23A6D98F}.Release|ARM.ActiveCfg = Release|iPhone
		{0917B7C2-5C79-4CD6-A22D-C6ED23A6D98F}.Release|iPhone.ActiveCfg = Release|iPhone
		{0917B7C2-5C79-4CD6-A22D-C6ED23A6D98F}.Release|iPhone.Build.0 = Release|iPhone
		{0917B7C2-5C79-4CD6-A22D-C6ED23A6D98F}.Release|iPhoneSimulator.ActiveCfg = Release|iPhoneSimulator
		{0917B7C2-5C79-4CD6-A22D-C6ED23A6D98F}.Release|iPhoneSimulator.Build.0 = Release|iPhoneSimulator
		{0917B7C2-5C79-4CD6-A22D-C6ED23A6D98F}.Release|Mixed Platforms.ActiveCfg = Release|iPhone
		{0917B7C2-5C79-4CD6-A22D-C6ED23A6D98F}.Release|Mixed Platforms.Build.0 = Release|iPhone
		{0917B7C2-5C79-4CD6-A22D-C6ED23A6D98F}.Release|x86.ActiveCfg = Release|iPhone
		{C08DB843-4193-4558-BC38-AA3DC0EC7E0D}.Ad-Hoc|Any CPU.ActiveCfg = Debug|Any CPU
		{C08DB843-4193-4558-BC38-AA3DC0EC7E0D}.Ad-Hoc|Any CPU.Build.0 = Debug|Any CPU
		{C08DB843-4193-4558-BC38-AA3DC0EC7E0D}.Ad-Hoc|Any CPU.Deploy.0 = Debug|Any CPU
		{C08DB843-4193-4558-BC38-AA3DC0EC7E0D}.Ad-Hoc|ARM.ActiveCfg = Debug|Any CPU
		{C08DB843-4193-4558-BC38-AA3DC0EC7E0D}.Ad-Hoc|iPhone.ActiveCfg = Release|Any CPU
		{C08DB843-4193-4558-BC38-AA3DC0EC7E0D}.Ad-Hoc|iPhone.Build.0 = Release|Any CPU
		{C08DB843-4193-4558-BC38-AA3DC0EC7E0D}.Ad-Hoc|iPhoneSimulator.ActiveCfg = Debug|Any CPU
		{C08DB843-4193-4558-BC38-AA3DC0EC7E0D}.Ad-Hoc|Mixed Platforms.ActiveCfg = Debug|Any CPU
		{C08DB843-4193-4558-BC38-AA3DC0EC7E0D}.Ad-Hoc|Mixed Platforms.Build.0 = Debug|Any CPU
		{C08DB843-4193-4558-BC38-AA3DC0EC7E0D}.Ad-Hoc|Mixed Platforms.Deploy.0 = Debug|Any CPU
		{C08DB843-4193-4558-BC38-AA3DC0EC7E0D}.Ad-Hoc|x86.ActiveCfg = Debug|Any CPU
		{C08DB843-4193-4558-BC38-AA3DC0EC7E0D}.AppStore|Any CPU.ActiveCfg = Debug|Any CPU
		{C08DB843-4193-4558-BC38-AA3DC0EC7E0D}.AppStore|Any CPU.Build.0 = Debug|Any CPU
		{C08DB843-4193-4558-BC38-AA3DC0EC7E0D}.AppStore|Any CPU.Deploy.0 = Debug|Any CPU
		{C08DB843-4193-4558-BC38-AA3DC0EC7E0D}.AppStore|ARM.ActiveCfg = Debug|Any CPU
		{C08DB843-4193-4558-BC38-AA3DC0EC7E0D}.AppStore|iPhone.ActiveCfg = Release|Any CPU
		{C08DB843-4193-4558-BC38-AA3DC0EC7E0D}.AppStore|iPhone.Build.0 = Release|Any CPU
		{C08DB843-4193-4558-BC38-AA3DC0EC7E0D}.AppStore|iPhoneSimulator.ActiveCfg = Debug|Any CPU
		{C08DB843-4193-4558-BC38-AA3DC0EC7E0D}.AppStore|Mixed Platforms.ActiveCfg = Debug|Any CPU
		{C08DB843-4193-4558-BC38-AA3DC0EC7E0D}.AppStore|Mixed Platforms.Build.0 = Debug|Any CPU
		{C08DB843-4193-4558-BC38-AA3DC0EC7E0D}.AppStore|Mixed Platforms.Deploy.0 = Debug|Any CPU
		{C08DB843-4193-4558-BC38-AA3DC0EC7E0D}.AppStore|x86.ActiveCfg = Debug|Any CPU
		{C08DB843-4193-4558-BC38-AA3DC0EC7E0D}.Debug|Any CPU.ActiveCfg = Debug|Any CPU
		{C08DB843-4193-4558-BC38-AA3DC0EC7E0D}.Debug|Any CPU.Build.0 = Debug|Any CPU
		{C08DB843-4193-4558-BC38-AA3DC0EC7E0D}.Debug|ARM.ActiveCfg = Debug|Any CPU
		{C08DB843-4193-4558-BC38-AA3DC0EC7E0D}.Debug|iPhone.ActiveCfg = Debug|Any CPU
		{C08DB843-4193-4558-BC38-AA3DC0EC7E0D}.Debug|iPhone.Build.0 = Debug|Any CPU
		{C08DB843-4193-4558-BC38-AA3DC0EC7E0D}.Debug|iPhoneSimulator.ActiveCfg = Debug|Any CPU
		{C08DB843-4193-4558-BC38-AA3DC0EC7E0D}.Debug|iPhoneSimulator.Build.0 = Debug|Any CPU
		{C08DB843-4193-4558-BC38-AA3DC0EC7E0D}.Debug|Mixed Platforms.ActiveCfg = Debug|Any CPU
		{C08DB843-4193-4558-BC38-AA3DC0EC7E0D}.Debug|Mixed Platforms.Build.0 = Debug|Any CPU
		{C08DB843-4193-4558-BC38-AA3DC0EC7E0D}.Debug|Mixed Platforms.Deploy.0 = Debug|Any CPU
		{C08DB843-4193-4558-BC38-AA3DC0EC7E0D}.Debug|x86.ActiveCfg = Debug|Any CPU
		{C08DB843-4193-4558-BC38-AA3DC0EC7E0D}.Release|Any CPU.ActiveCfg = Release|Any CPU
		{C08DB843-4193-4558-BC38-AA3DC0EC7E0D}.Release|Any CPU.Build.0 = Release|Any CPU
		{C08DB843-4193-4558-BC38-AA3DC0EC7E0D}.Release|ARM.ActiveCfg = Release|Any CPU
		{C08DB843-4193-4558-BC38-AA3DC0EC7E0D}.Release|iPhone.ActiveCfg = Release|Any CPU
		{C08DB843-4193-4558-BC38-AA3DC0EC7E0D}.Release|iPhone.Build.0 = Release|Any CPU
		{C08DB843-4193-4558-BC38-AA3DC0EC7E0D}.Release|iPhoneSimulator.ActiveCfg = Release|Any CPU
		{C08DB843-4193-4558-BC38-AA3DC0EC7E0D}.Release|iPhoneSimulator.Build.0 = Release|Any CPU
		{C08DB843-4193-4558-BC38-AA3DC0EC7E0D}.Release|Mixed Platforms.ActiveCfg = Release|Any CPU
		{C08DB843-4193-4558-BC38-AA3DC0EC7E0D}.Release|Mixed Platforms.Build.0 = Release|Any CPU
		{C08DB843-4193-4558-BC38-AA3DC0EC7E0D}.Release|Mixed Platforms.Deploy.0 = Release|Any CPU
		{C08DB843-4193-4558-BC38-AA3DC0EC7E0D}.Release|x86.ActiveCfg = Release|Any CPU
		{7772FAE7-FD76-4F59-BCB6-7DFDE7D07E45}.Ad-Hoc|Any CPU.ActiveCfg = Release|Any CPU
		{7772FAE7-FD76-4F59-BCB6-7DFDE7D07E45}.Ad-Hoc|Any CPU.Build.0 = Release|Any CPU
		{7772FAE7-FD76-4F59-BCB6-7DFDE7D07E45}.Ad-Hoc|Any CPU.Deploy.0 = Release|Any CPU
		{7772FAE7-FD76-4F59-BCB6-7DFDE7D07E45}.Ad-Hoc|ARM.ActiveCfg = Release|ARM
		{7772FAE7-FD76-4F59-BCB6-7DFDE7D07E45}.Ad-Hoc|ARM.Build.0 = Release|ARM
		{7772FAE7-FD76-4F59-BCB6-7DFDE7D07E45}.Ad-Hoc|ARM.Deploy.0 = Release|ARM
		{7772FAE7-FD76-4F59-BCB6-7DFDE7D07E45}.Ad-Hoc|iPhone.ActiveCfg = Release|Any CPU
		{7772FAE7-FD76-4F59-BCB6-7DFDE7D07E45}.Ad-Hoc|iPhoneSimulator.ActiveCfg = Release|Any CPU
		{7772FAE7-FD76-4F59-BCB6-7DFDE7D07E45}.Ad-Hoc|Mixed Platforms.ActiveCfg = Release|x86
		{7772FAE7-FD76-4F59-BCB6-7DFDE7D07E45}.Ad-Hoc|Mixed Platforms.Build.0 = Release|x86
		{7772FAE7-FD76-4F59-BCB6-7DFDE7D07E45}.Ad-Hoc|Mixed Platforms.Deploy.0 = Release|x86
		{7772FAE7-FD76-4F59-BCB6-7DFDE7D07E45}.Ad-Hoc|x86.ActiveCfg = Release|x86
		{7772FAE7-FD76-4F59-BCB6-7DFDE7D07E45}.Ad-Hoc|x86.Build.0 = Release|x86
		{7772FAE7-FD76-4F59-BCB6-7DFDE7D07E45}.Ad-Hoc|x86.Deploy.0 = Release|x86
		{7772FAE7-FD76-4F59-BCB6-7DFDE7D07E45}.AppStore|Any CPU.ActiveCfg = Release|Any CPU
		{7772FAE7-FD76-4F59-BCB6-7DFDE7D07E45}.AppStore|Any CPU.Build.0 = Release|Any CPU
		{7772FAE7-FD76-4F59-BCB6-7DFDE7D07E45}.AppStore|Any CPU.Deploy.0 = Release|Any CPU
		{7772FAE7-FD76-4F59-BCB6-7DFDE7D07E45}.AppStore|ARM.ActiveCfg = Release|ARM
		{7772FAE7-FD76-4F59-BCB6-7DFDE7D07E45}.AppStore|ARM.Build.0 = Release|ARM
		{7772FAE7-FD76-4F59-BCB6-7DFDE7D07E45}.AppStore|ARM.Deploy.0 = Release|ARM
		{7772FAE7-FD76-4F59-BCB6-7DFDE7D07E45}.AppStore|iPhone.ActiveCfg = Release|Any CPU
		{7772FAE7-FD76-4F59-BCB6-7DFDE7D07E45}.AppStore|iPhoneSimulator.ActiveCfg = Release|Any CPU
		{7772FAE7-FD76-4F59-BCB6-7DFDE7D07E45}.AppStore|Mixed Platforms.ActiveCfg = Release|x86
		{7772FAE7-FD76-4F59-BCB6-7DFDE7D07E45}.AppStore|Mixed Platforms.Build.0 = Release|x86
		{7772FAE7-FD76-4F59-BCB6-7DFDE7D07E45}.AppStore|Mixed Platforms.Deploy.0 = Release|x86
		{7772FAE7-FD76-4F59-BCB6-7DFDE7D07E45}.AppStore|x86.ActiveCfg = Release|x86
		{7772FAE7-FD76-4F59-BCB6-7DFDE7D07E45}.AppStore|x86.Build.0 = Release|x86
		{7772FAE7-FD76-4F59-BCB6-7DFDE7D07E45}.AppStore|x86.Deploy.0 = Release|x86
		{7772FAE7-FD76-4F59-BCB6-7DFDE7D07E45}.Debug|Any CPU.ActiveCfg = Debug|Any CPU
		{7772FAE7-FD76-4F59-BCB6-7DFDE7D07E45}.Debug|Any CPU.Build.0 = Debug|Any CPU
		{7772FAE7-FD76-4F59-BCB6-7DFDE7D07E45}.Debug|Any CPU.Deploy.0 = Debug|Any CPU
		{7772FAE7-FD76-4F59-BCB6-7DFDE7D07E45}.Debug|ARM.ActiveCfg = Debug|ARM
		{7772FAE7-FD76-4F59-BCB6-7DFDE7D07E45}.Debug|ARM.Build.0 = Debug|ARM
		{7772FAE7-FD76-4F59-BCB6-7DFDE7D07E45}.Debug|ARM.Deploy.0 = Debug|ARM
		{7772FAE7-FD76-4F59-BCB6-7DFDE7D07E45}.Debug|iPhone.ActiveCfg = Debug|ARM
		{7772FAE7-FD76-4F59-BCB6-7DFDE7D07E45}.Debug|iPhone.Build.0 = Debug|ARM
		{7772FAE7-FD76-4F59-BCB6-7DFDE7D07E45}.Debug|iPhone.Deploy.0 = Debug|ARM
		{7772FAE7-FD76-4F59-BCB6-7DFDE7D07E45}.Debug|iPhoneSimulator.ActiveCfg = Debug|Any CPU
		{7772FAE7-FD76-4F59-BCB6-7DFDE7D07E45}.Debug|Mixed Platforms.ActiveCfg = Debug|x86
		{7772FAE7-FD76-4F59-BCB6-7DFDE7D07E45}.Debug|Mixed Platforms.Build.0 = Debug|x86
		{7772FAE7-FD76-4F59-BCB6-7DFDE7D07E45}.Debug|Mixed Platforms.Deploy.0 = Debug|x86
		{7772FAE7-FD76-4F59-BCB6-7DFDE7D07E45}.Debug|x86.ActiveCfg = Debug|x86
		{7772FAE7-FD76-4F59-BCB6-7DFDE7D07E45}.Debug|x86.Build.0 = Debug|x86
		{7772FAE7-FD76-4F59-BCB6-7DFDE7D07E45}.Debug|x86.Deploy.0 = Debug|x86
		{7772FAE7-FD76-4F59-BCB6-7DFDE7D07E45}.Release|Any CPU.ActiveCfg = Release|Any CPU
		{7772FAE7-FD76-4F59-BCB6-7DFDE7D07E45}.Release|Any CPU.Build.0 = Release|Any CPU
		{7772FAE7-FD76-4F59-BCB6-7DFDE7D07E45}.Release|Any CPU.Deploy.0 = Release|Any CPU
		{7772FAE7-FD76-4F59-BCB6-7DFDE7D07E45}.Release|ARM.ActiveCfg = Release|ARM
		{7772FAE7-FD76-4F59-BCB6-7DFDE7D07E45}.Release|ARM.Build.0 = Release|ARM
		{7772FAE7-FD76-4F59-BCB6-7DFDE7D07E45}.Release|ARM.Deploy.0 = Release|ARM
		{7772FAE7-FD76-4F59-BCB6-7DFDE7D07E45}.Release|iPhone.ActiveCfg = Release|ARM
		{7772FAE7-FD76-4F59-BCB6-7DFDE7D07E45}.Release|iPhone.Build.0 = Release|ARM
		{7772FAE7-FD76-4F59-BCB6-7DFDE7D07E45}.Release|iPhoneSimulator.ActiveCfg = Release|Any CPU
		{7772FAE7-FD76-4F59-BCB6-7DFDE7D07E45}.Release|Mixed Platforms.ActiveCfg = Release|x86
		{7772FAE7-FD76-4F59-BCB6-7DFDE7D07E45}.Release|Mixed Platforms.Build.0 = Release|x86
		{7772FAE7-FD76-4F59-BCB6-7DFDE7D07E45}.Release|Mixed Platforms.Deploy.0 = Release|x86
		{7772FAE7-FD76-4F59-BCB6-7DFDE7D07E45}.Release|x86.ActiveCfg = Release|x86
		{7772FAE7-FD76-4F59-BCB6-7DFDE7D07E45}.Release|x86.Build.0 = Release|x86
		{7772FAE7-FD76-4F59-BCB6-7DFDE7D07E45}.Release|x86.Deploy.0 = Release|x86
	EndGlobalSection
	GlobalSection(SolutionProperties) = preSolution
		HideSolutionNode = FALSE
	EndGlobalSection
	GlobalSection(MonoDevelopProperties) = preSolution
		version = 0.9
	EndGlobalSection
EndGlobal
